Microsoft Visual Studio Solution File, Format Version 10.00
# Visual Web Developer Express 2008
Project("{E24C65DC-7377-472B-9ABA-BC803B73C61A}") = "Validation", "..\..\..\..\Desktop\ch20\Validation\", "{4C970983-AEBC-42AD-8AAC-E42257540102}"
	ProjectSection(WebsiteProperties) = preProject
		TargetFramework = "3.5"
		Debug.AspNetCompiler.VirtualPath = "/Validation"
		Debug.AspNetCompiler.PhysicalPath = "..\..\..\..\Desktop\ch20\Validation\"
		Debug.AspNetCompiler.TargetPath = "PrecompiledWeb\Validation\"
		Debug.AspNetCompiler.Updateable = "true"
		Debug.AspNetCompiler.ForceOverwrite = "true"
		Debug.AspNetCompiler.FixedNames = "false"
		Debug.AspNetCompiler.Debug = "True"
		Release.AspNetCompiler.VirtualPath = "/Validation"
		Release.AspNetCompiler.PhysicalPath = "..\..\..\..\Desktop\ch20\Validation\"
		Release.AspNetCompiler.TargetPath = "PrecompiledWeb\Validation\"
		Release.AspNetCompiler.Updateable = "true"
		Release.AspNetCompiler.ForceOverwrite = "true"
		Release.AspNetCompiler.FixedNames = "false"
		Release.AspNetCompiler.Debug = "False"
		VWDPort = "57830"
	EndProjectSection
EndProject
Global
	GlobalSection(SolutionConfigurationPlatforms) = preSolution
		Debug|Any CPU = Debug|Any CPU
	EndGlobalSection
	GlobalSection(ProjectConfigurationPlatforms) = postSolution
		{4C970983-AEBC-42AD-8AAC-E42257540102}.Debug|Any CPU.ActiveCfg = Debug|Any CPU
		{4C970983-AEBC-42AD-8AAC-E42257540102}.Debug|Any CPU.Build.0 = Debug|Any CPU
	EndGlobalSection
	GlobalSection(SolutionProperties) = preSolution
		HideSolutionNode = FALSE
	EndGlobalSection
EndGlobal
